{
  "name": "@nrkn/wrap",
  "version": "0.0.1",
  "lockfileVersion": 3,
  "requires": true,
  "packages": {
    "": {
      "name": "@nrkn/wrap",
      "version": "0.0.1",
      "license": "MIT",
      "devDependencies": {
        "@napi-rs/canvas": "^0.1.52",
        "@types/node": "^20.12.7"
      }
    },
    "node_modules/@napi-rs/canvas": {
      "version": "0.1.52",
      "resolved": "https://registry.npmjs.org/@napi-rs/canvas/-/canvas-0.1.52.tgz",
      "integrity": "sha512-xeW9EghZLDPZuqWJ4l1+eG3ld0i9J7SpV2zlgi34MPt/FE9K2XWGCfnLr0gHGOBkcI3YOVhI13I0HqRAkMPdVw==",
      "dev": true,
      "engines": {
        "node": ">= 10"
      },
      "optionalDependencies": {
        "@napi-rs/canvas-android-arm64": "0.1.52",
        "@napi-rs/canvas-darwin-arm64": "0.1.52",
        "@napi-rs/canvas-darwin-x64": "0.1.52",
        "@napi-rs/canvas-linux-arm-gnueabihf": "0.1.52",
        "@napi-rs/canvas-linux-arm64-gnu": "0.1.52",
        "@napi-rs/canvas-linux-arm64-musl": "0.1.52",
        "@napi-rs/canvas-linux-x64-gnu": "0.1.52",
        "@napi-rs/canvas-linux-x64-musl": "0.1.52",
        "@napi-rs/canvas-win32-x64-msvc": "0.1.52"
      }
    },
    "node_modules/@napi-rs/canvas-android-arm64": {
      "version": "0.1.52",
      "resolved": "https://registry.npmjs.org/@napi-rs/canvas-android-arm64/-/canvas-android-arm64-0.1.52.tgz",
      "integrity": "sha512-x/K471KbASPVh5mfBUxokza66J0FNIlOgMNANWAf5C8HiATb487KecEhSkUQvvTS3WLYC9uSqIPHFgwF+tir3w==",
      "cpu": [
        "arm64"
      ],
      "dev": true,
      "optional": true,
      "os": [
        "android"
      ],
      "engines": {
        "node": ">= 10"
      }
    },
    "node_modules/@napi-rs/canvas-darwin-arm64": {
      "version": "0.1.52",
      "resolved": "https://registry.npmjs.org/@napi-rs/canvas-darwin-arm64/-/canvas-darwin-arm64-0.1.52.tgz",
      "integrity": "sha512-4OgVRD7TW02q5Q7lWLLjT+pYJ9ZHkQUTBOuXbPQ5wB0Wnh3RIq/aMY6thoXDZDzdR5vV3a5TUtbZUJ0aqLq3NA==",
      "cpu": [
        "arm64"
      ],
      "dev": true,
      "optional": true,
      "os": [
        "darwin"
      ],
      "engines": {
        "node": ">= 10"
      }
    },
    "node_modules/@napi-rs/canvas-darwin-x64": {
      "version": "0.1.52",
      "resolved": "https://registry.npmjs.org/@napi-rs/canvas-darwin-x64/-/canvas-darwin-x64-0.1.52.tgz",
      "integrity": "sha512-3fgeGJ3j2X6Mtmn0QYf3iA+A6y1ePnsayakc2emEokzf03ErrPczONw3vjnTQo53JLPMzEnfPGAffdktU/ssPA==",
      "cpu": [
        "x64"
      ],
      "dev": true,
      "optional": true,
      "os": [
        "darwin"
      ],
      "engines": {
        "node": ">= 10"
      }
    },
    "node_modules/@napi-rs/canvas-linux-arm-gnueabihf": {
      "version": "0.1.52",
      "resolved": "https://registry.npmjs.org/@napi-rs/canvas-linux-arm-gnueabihf/-/canvas-linux-arm-gnueabihf-0.1.52.tgz",
      "integrity": "sha512-aaDEEK5XwHUrPt0q4SR8l7Va0vtn50KmSs+itxP+o7RNk3Nuch8fINHOXyhMyhwNYgv1tfiJVyHsJhD0E6lXGA==",
      "cpu": [
        "arm"
      ],
      "dev": true,
      "optional": true,
      "os": [
        "linux"
      ],
      "engines": {
        "node": ">= 10"
      }
    },
    "node_modules/@napi-rs/canvas-linux-arm64-gnu": {
      "version": "0.1.52",
      "resolved": "https://registry.npmjs.org/@napi-rs/canvas-linux-arm64-gnu/-/canvas-linux-arm64-gnu-0.1.52.tgz",
      "integrity": "sha512-tzuwM7Amt5mkrp4csQjYWkFzwFdiCm7RNdJ5usX8syzKSXmozqWzLHjzo/2ozdSQNUy6wyzRrxkG4Rh6g0OpOA==",
      "cpu": [
        "arm64"
      ],
      "dev": true,
      "optional": true,
      "os": [
        "linux"
      ],
      "engines": {
        "node": ">= 10"
      }
    },
    "node_modules/@napi-rs/canvas-linux-arm64-musl": {
      "version": "0.1.52",
      "resolved": "https://registry.npmjs.org/@napi-rs/canvas-linux-arm64-musl/-/canvas-linux-arm64-musl-0.1.52.tgz",
      "integrity": "sha512-HQCtJlDT0dFp3uUZVzZOZ1VLMO7lbLRc548MjMxPpojit2ZdGopFzJ8jDSr4iszHrTO1SM1AxPaCM3pRvCAtjw==",
      "cpu": [
        "arm64"
      ],
      "dev": true,
      "optional": true,
      "os": [
        "linux"
      ],
      "engines": {
        "node": ">= 10"
      }
    },
    "node_modules/@napi-rs/canvas-linux-x64-gnu": {
      "version": "0.1.52",
      "resolved": "https://registry.npmjs.org/@napi-rs/canvas-linux-x64-gnu/-/canvas-linux-x64-gnu-0.1.52.tgz",
      "integrity": "sha512-z5sBEw0PVWPH/MIQL8hOR8C3YYVlu8lqtRUcYajigMfXAhbMiNqDWTjuIWGMz3nIydDjZmn8KTxw/D4a0HFPqQ==",
      "cpu": [
        "x64"
      ],
      "dev": true,
      "optional": true,
      "os": [
        "linux"
      ],
      "engines": {
        "node": ">= 10"
      }
    },
    "node_modules/@napi-rs/canvas-linux-x64-musl": {
      "version": "0.1.52",
      "resolved": "https://registry.npmjs.org/@napi-rs/canvas-linux-x64-musl/-/canvas-linux-x64-musl-0.1.52.tgz",
      "integrity": "sha512-G1+JdWFhHLyHhULJS51xTEhB7EL0ZiAUQwQaRi4/w75OOYDQ91O+o4miaxDHiV0hZuxBhHtZU6ftV2Zl3RMguw==",
      "cpu": [
        "x64"
      ],
      "dev": true,
      "optional": true,
      "os": [
        "linux"
      ],
      "engines": {
        "node": ">= 10"
      }
    },
    "node_modules/@napi-rs/canvas-win32-x64-msvc": {
      "version": "0.1.52",
      "resolved": "https://registry.npmjs.org/@napi-rs/canvas-win32-x64-msvc/-/canvas-win32-x64-msvc-0.1.52.tgz",
      "integrity": "sha512-hMI626VsCC/wv29qHF78N7TSG+auatOp08DHln0Zdif5y1NJ14NU/rNUhzlTW8Zc6ssw+AMDJ3KKYYWYYg1aoA==",
      "cpu": [
        "x64"
      ],
      "dev": true,
      "optional": true,
      "os": [
        "win32"
      ],
      "engines": {
        "node": ">= 10"
      }
    },
    "node_modules/@types/node": {
      "version": "20.12.7",
      "resolved": "https://registry.npmjs.org/@types/node/-/node-20.12.7.tgz",
      "integrity": "sha512-wq0cICSkRLVaf3UGLMGItu/PtdY7oaXaI/RVU+xliKVOtRna3PRY57ZDfztpDL0n11vfymMUnXv8QwYCO7L1wg==",
      "dev": true,
      "dependencies": {
        "undici-types": "~5.26.4"
      }
    },
    "node_modules/undici-types": {
      "version": "5.26.5",
      "resolved": "https://registry.npmjs.org/undici-types/-/undici-types-5.26.5.tgz",
      "integrity": "sha512-JlCMO+ehdEIKqlFxk6IfVoAUVmgz7cU7zD/h9XZ0qzeosSHmUJVOzSQvvYSYWXkFXC+IfLKSIffhv0sVZup6pA==",
      "dev": true
    }
  }
}
